# THIS IS AN AUTOGENERATED FILE. DO NOT EDIT THIS FILE DIRECTLY.
# yarn lockfile v1


minimist@^1.2.0:
  version "1.2.8"
  resolved "https://registry.yarnpkg.com/minimist/-/minimist-1.2.8.tgz#c1a464e7693302e082a075cee0c057741ac4772c"
  integrity sha512-2yyAR8qBkN3YuheJanUpWC5U3bb5osDywNB8RzDVlDwDHbocAJveqqj1u8+SVD7jkWT4yvsHCpWqqWqAxb0zCA==

push-dir@^0.4.1:
  version "0.4.1"
  resolved "https://registry.yarnpkg.com/push-dir/-/push-dir-0.4.1.tgz#29481eacd9c2106bbb7941db6d37d122a071ecb4"
  integrity sha512-Nrrsly0c3kCfu725Jnif/s5adHpBwKCGWBttHVxTndF4iyGBSFtNi/pduFxHF5ks0kWtHcbA3XXP5MEra6iiCA==
  dependencies:
    minimist "^1.2.0"
